
Microsoft Visual Studio Solution File, Format Version 12.00
# Visual Studio Version 17
VisualStudioVersion = 17.4.33205.214
MinimumVisualStudioVersion = 10.0.40219.1
Project("{FAE04EC0-301F-11D3-BF4B-00C04F79EFBC}") = "IdentityManagement", "IdentityManagement.csproj", "{4435580B-FA59-47FC-BCD2-14158A6D33BD}"
EndProject
Global
	GlobalSection(SolutionConfigurationPlatforms) = preSolution
		Debug|Any CPU = Debug|Any CPU
		Release|Any CPU = Release|Any CPU
	EndGlobalSection
	GlobalSection(ProjectConfigurationPlatforms) = postSolution
		{4435580B-FA59-47FC-BCD2-14158A6D33BD}.Debug|Any CPU.ActiveCfg = Debug|Any CPU
		{4435580B-FA59-47FC-BCD2-14158A6D33BD}.Debug|Any CPU.Build.0 = Debug|Any CPU
		{4435580B-FA59-47FC-BCD2-14158A6D33BD}.Release|Any CPU.ActiveCfg = Release|Any CPU
		{4435580B-FA59-47FC-BCD2-14158A6D33BD}.Release|Any CPU.Build.0 = Release|Any CPU
	EndGlobalSection
	GlobalSection(SolutionProperties) = preSolution
		HideSolutionNode = FALSE
	EndGlobalSection
	GlobalSection(ExtensibilityGlobals) = postSolution
		SolutionGuid = {57C8F232-9E63-4C9C-9E5E-26AEA072DB03}
	EndGlobalSection
EndGlobal
